
Microsoft Visual Studio Solution File, Format Version 12.00
# Visual Studio Version 17
VisualStudioVersion = 17.8.34525.116
MinimumVisualStudioVersion = 10.0.40219.1
Project("{FAE04EC0-301F-11D3-BF4B-00C04F79EFBC}") = "AkiasWeb", "AkiasWeb\AkiasWeb.csproj", "{AE999753-8DC4-4593-8443-384F803E3B2F}"
EndProject
Project("{FAE04EC0-301F-11D3-BF4B-00C04F79EFBC}") = "AkiasAPIs", "..\AkiasAPIs\AkiasAPIs.csproj", "{CE830FCB-1E1E-411B-88A7-A0829168D5CE}"
EndProject
Project("{FAE04EC0-301F-11D3-BF4B-00C04F79EFBC}") = "AkiasDAL", "..\AkiasDAL\AkiasDAL.csproj", "{B31F2ADA-4F3A-40E6-BAB7-78EE87DE6244}"
EndProject
Project("{FAE04EC0-301F-11D3-BF4B-00C04F79EFBC}") = "AkiasBAL", "..\AkiasBAL\AkiasBAL.csproj", "{4A7024DA-C7A3-41BC-8A13-1547276DE79C}"
EndProject
Project("{FAE04EC0-301F-11D3-BF4B-00C04F79EFBC}") = "AkiasModel", "..\AkiasModel\AkiasModel.csproj", "{8D0DA2F7-704E-49D7-B075-01D3AFD70FEE}"
EndProject
Global
	GlobalSection(SolutionConfigurationPlatforms) = preSolution
		Debug|Any CPU = Debug|Any CPU
		Release|Any CPU = Release|Any CPU
	EndGlobalSection
	GlobalSection(ProjectConfigurationPlatforms) = postSolution
		{AE999753-8DC4-4593-8443-384F803E3B2F}.Debug|Any CPU.ActiveCfg = Debug|Any CPU
		{AE999753-8DC4-4593-8443-384F803E3B2F}.Debug|Any CPU.Build.0 = Debug|Any CPU
		{AE999753-8DC4-4593-8443-384F803E3B2F}.Release|Any CPU.ActiveCfg = Release|Any CPU
		{AE999753-8DC4-4593-8443-384F803E3B2F}.Release|Any CPU.Build.0 = Release|Any CPU
		{CE830FCB-1E1E-411B-88A7-A0829168D5CE}.Debug|Any CPU.ActiveCfg = Debug|Any CPU
		{CE830FCB-1E1E-411B-88A7-A0829168D5CE}.Debug|Any CPU.Build.0 = Debug|Any CPU
		{CE830FCB-1E1E-411B-88A7-A0829168D5CE}.Release|Any CPU.ActiveCfg = Release|Any CPU
		{CE830FCB-1E1E-411B-88A7-A0829168D5CE}.Release|Any CPU.Build.0 = Release|Any CPU
		{B31F2ADA-4F3A-40E6-BAB7-78EE87DE6244}.Debug|Any CPU.ActiveCfg = Debug|Any CPU
		{B31F2ADA-4F3A-40E6-BAB7-78EE87DE6244}.Debug|Any CPU.Build.0 = Debug|Any CPU
		{B31F2ADA-4F3A-40E6-BAB7-78EE87DE6244}.Release|Any CPU.ActiveCfg = Release|Any CPU
		{B31F2ADA-4F3A-40E6-BAB7-78EE87DE6244}.Release|Any CPU.Build.0 = Release|Any CPU
		{4A7024DA-C7A3-41BC-8A13-1547276DE79C}.Debug|Any CPU.ActiveCfg = Debug|Any CPU
		{4A7024DA-C7A3-41BC-8A13-1547276DE79C}.Debug|Any CPU.Build.0 = Debug|Any CPU
		{4A7024DA-C7A3-41BC-8A13-1547276DE79C}.Release|Any CPU.ActiveCfg = Release|Any CPU
		{4A7024DA-C7A3-41BC-8A13-1547276DE79C}.Release|Any CPU.Build.0 = Release|Any CPU
		{8D0DA2F7-704E-49D7-B075-01D3AFD70FEE}.Debug|Any CPU.ActiveCfg = Debug|Any CPU
		{8D0DA2F7-704E-49D7-B075-01D3AFD70FEE}.Debug|Any CPU.Build.0 = Debug|Any CPU
		{8D0DA2F7-704E-49D7-B075-01D3AFD70FEE}.Release|Any CPU.ActiveCfg = Release|Any CPU
		{8D0DA2F7-704E-49D7-B075-01D3AFD70FEE}.Release|Any CPU.Build.0 = Release|Any CPU
	EndGlobalSection
	GlobalSection(SolutionProperties) = preSolution
		HideSolutionNode = FALSE
	EndGlobalSection
	GlobalSection(ExtensibilityGlobals) = postSolution
		SolutionGuid = {98D0A566-DA5F-46ED-83DF-B18652E5FE7B}
	EndGlobalSection
EndGlobal
